
Microsoft Visual Studio Solution File, Format Version 12.00
# Visual Studio Version 17
VisualStudioVersion = 17.7.34221.43
MinimumVisualStudioVersion = 10.0.40219.1
Project("{FAE04EC0-301F-11D3-BF4B-00C04F79EFBC}") = "Sample.MongoDB.DependencyInjection", "Sample.MongoDB.DependencyInjection\Sample.MongoDB.DependencyInjection.csproj", "{86D93EDF-2561-445C-B1E3-F22ABC77A317}"
EndProject
Global
	GlobalSection(SolutionConfigurationPlatforms) = preSolution
		Debug|Any CPU = Debug|Any CPU
		Release|Any CPU = Release|Any CPU
	EndGlobalSection
	GlobalSection(ProjectConfigurationPlatforms) = postSolution
		{86D93EDF-2561-445C-B1E3-F22ABC77A317}.Debug|Any CPU.ActiveCfg = Debug|Any CPU
		{86D93EDF-2561-445C-B1E3-F22ABC77A317}.Debug|Any CPU.Build.0 = Debug|Any CPU
		{86D93EDF-2561-445C-B1E3-F22ABC77A317}.Release|Any CPU.ActiveCfg = Release|Any CPU
		{86D93EDF-2561-445C-B1E3-F22ABC77A317}.Release|Any CPU.Build.0 = Release|Any CPU
	EndGlobalSection
	GlobalSection(SolutionProperties) = preSolution
		HideSolutionNode = FALSE
	EndGlobalSection
	GlobalSection(ExtensibilityGlobals) = postSolution
		SolutionGuid = {0C38AE1A-2758-4141-9B99-46BF0F0DE61E}
	EndGlobalSection
EndGlobal
